{
  "version": 4,
  "terraform_version": "1.6.4",
  "serial": 5,
  "lineage": "1823bdf0-d574-94e9-e0c9-a7a3defa07ff",
  "outputs": {},
  "resources": [
    {
      "mode": "managed",
      "type": "azurerm_resource_group",
      "name": "front_end_rg",
      "provider": "provider[\"registry.terraform.io/hashicorp/azurerm\"]",
      "instances": [
        {
          "schema_version": 0,
          "attributes": {
            "id": "/subscriptions/ccbb1b87-e72e-4a48-a6ce-a7d0e84654ce/resourceGroups/rg-frontend-sand-ne-001",
            "location": "northeurope",
            "managed_by": "",
            "name": "rg-frontend-sand-ne-001",
            "tags": {},
            "timeouts": null
          },
          "sensitive_attributes": [],
          "private": "eyJlMmJmYjczMC1lY2FhLTExZTYtOGY4OC0zNDM2M2JjN2M0YzAiOnsiY3JlYXRlIjo1NDAwMDAwMDAwMDAwLCJkZWxldGUiOjU0MDAwMDAwMDAwMDAsInJlYWQiOjMwMDAwMDAwMDAwMCwidXBkYXRlIjo1NDAwMDAwMDAwMDAwfX0="
        }
      ]
    }
  ],
  "check_results": null
}
